
Microsoft Visual Studio Solution File, Format Version 12.00
# Visual Studio Version 16
VisualStudioVersion = 16.0.31105.61
MinimumVisualStudioVersion = 10.0.40219.1
Project("{FAE04EC0-301F-11D3-BF4B-00C04F79EFBC}") = "LayOff", "LayOff\LayOff.csproj", "{6610ED1D-334B-4E66-9806-82E4AC6C71E4}"
EndProject
Global
	GlobalSection(SolutionConfigurationPlatforms) = preSolution
		Debug|Any CPU = Debug|Any CPU
		Release|Any CPU = Release|Any CPU
	EndGlobalSection
	GlobalSection(ProjectConfigurationPlatforms) = postSolution
		{6610ED1D-334B-4E66-9806-82E4AC6C71E4}.Debug|Any CPU.ActiveCfg = Debug|Any CPU
		{6610ED1D-334B-4E66-9806-82E4AC6C71E4}.Debug|Any CPU.Build.0 = Debug|Any CPU
		{6610ED1D-334B-4E66-9806-82E4AC6C71E4}.Release|Any CPU.ActiveCfg = Release|Any CPU
		{6610ED1D-334B-4E66-9806-82E4AC6C71E4}.Release|Any CPU.Build.0 = Release|Any CPU
	EndGlobalSection
	GlobalSection(SolutionProperties) = preSolution
		HideSolutionNode = FALSE
	EndGlobalSection
	GlobalSection(ExtensibilityGlobals) = postSolution
		SolutionGuid = {73FA342F-D57F-4BBF-984C-9CAFC8321323}
	EndGlobalSection
EndGlobal
